
Microsoft Visual Studio Solution File, Format Version 12.00
# Visual Studio Version 18
VisualStudioVersion = 18.1.11312.151
MinimumVisualStudioVersion = 10.0.40219.1
Project("{2150E333-8FDC-42A3-9474-1A3956D46DE8}") = "Mods", "Mods", "{A8F3B9D1-3456-42E1-9876-1234567890AB}"
EndProject
Project("{FAE04EC0-301F-11D3-BF4B-00C04F79EFBC}") = "tPlainModLoader", "tPlainModLoader\tPlainModLoader.csproj", "{45AB3FB8-F6C8-46E2-8FAF-C07353AE018C}"
EndProject
Project("{FAE04EC0-301F-11D3-BF4B-00C04F79EFBC}") = "tContentPatch", "tContentPatch\tContentPatch.csproj", "{A7BAD17D-ECAC-4F51-BA57-AD78B9BC02BF}"
EndProject
Project("{FAE04EC0-301F-11D3-BF4B-00C04F79EFBC}") = "TPML.Core", "TPML.Core\TPML.Core.csproj", "{9E1A3C4D-5B6E-7F8A-9B0C-1D2E3F4A5B6C}"
EndProject
Project("{FAE04EC0-301F-11D3-BF4B-00C04F79EFBC}") = "TPML.Content", "TPML.Content\TPML.Content.csproj", "{6F6E4D2C-1B0A-49D8-8D7C-6E5F4A3B2C1D}"
EndProject
Project("{FAE04EC0-301F-11D3-BF4B-00C04F79EFBC}") = "CommandHelp", "CommandHelp\CommandHelp.csproj", "{28032285-BA86-4A99-88C3-82A8483DC05C}"
EndProject
Project("{FAE04EC0-301F-11D3-BF4B-00C04F79EFBC}") = "FastWin32", "FastWin32-master\FastWin32\FastWin32.csproj", "{0B6AC808-3A51-4072-954F-D55DE4F0209B}"
EndProject
Project("{FAE04EC0-301F-11D3-BF4B-00C04F79EFBC}") = "tPlainModLoaderInjector", "tPlainModLoaderInjector\tPlainModLoaderInjector.csproj", "{F00447E9-BA2A-41FB-AE78-933BFED21611}"
EndProject
Project("{FAE04EC0-301F-11D3-BF4B-00C04F79EFBC}") = "ChatAi", "..\Mods\ChatAi\ChatAi\ChatAi\ChatAi.csproj", "{0222CAFC-DB2C-4BA4-B527-3EB4197303E4}"
EndProject
Project("{FAE04EC0-301F-11D3-BF4B-00C04F79EFBC}") = "OptimizeAndTool", "..\Mods\OptimizeAndTool\OptimizeAndTool\OptimizeAndTool\OptimizeAndTool.csproj", "{B0B47F89-A282-41CF-B495-FE3780C2618A}"
EndProject
Project("{FAE04EC0-301F-11D3-BF4B-00C04F79EFBC}") = "PixelArt", "..\Mods\PixelArt\PixelArt\PixelArt\PixelArt.csproj", "{F928DF69-9069-42BA-B344-DE6D2C9797A6}"
EndProject
Project("{FAE04EC0-301F-11D3-BF4B-00C04F79EFBC}") = "QuickButton", "..\Mods\QuickButton\QuickButton\QuickButton\QuickButton.csproj", "{6852A9D1-BD82-46A0-8F98-CEECF0360875}"
EndProject
Project("{FAE04EC0-301F-11D3-BF4B-00C04F79EFBC}") = "QuickSetting", "..\Mods\QuickSetting\QuickSetting\QuickSetting\QuickSetting.csproj", "{5CE623EC-BDD6-4A59-ACFE-1D9FF2E369FE}"
EndProject
Project("{FAE04EC0-301F-11D3-BF4B-00C04F79EFBC}") = "Skil", "..\Mods\Skil\Skil\Skil\Skil.csproj", "{3771B7AC-ED1A-4C2E-88F4-CE5921867160}"
EndProject
Project("{FAE04EC0-301F-11D3-BF4B-00C04F79EFBC}") = "SuspiciousPlayer", "..\Mods\SuspiciousPlayer\SuspiciousPlayer\SuspiciousPlayer\SuspiciousPlayer.csproj", "{1E23795A-8758-45DE-B962-B799C09CC923}"
EndProject
Project("{FAE04EC0-301F-11D3-BF4B-00C04F79EFBC}") = "WandsTool", "..\Mods\WandsTool\WandsTool\WandsTool\WandsTool.csproj", "{9EDB6614-8022-472D-956C-64C4EAA482BA}"
EndProject
Project("{FAE04EC0-301F-11D3-BF4B-00C04F79EFBC}") = "批量生成", "..\Mods\批量生成\批量生成\批量生成.csproj", "{E8E81B66-2513-464C-BB08-B6D6F900480B}"
EndProject
Project("{FAE04EC0-301F-11D3-BF4B-00C04F79EFBC}") = "TPMLBridge", "..\Mods\TPMLBridge\TPMLBridge\TPMLBridge.csproj", "{A8F1C3E2-9B7D-4C6A-8E1F-2D3C4B5A6E7F}"
EndProject
Project("{FAE04EC0-301F-11D3-BF4B-00C04F79EFBC}") = "Instavator", "..\Mods\Instavator\Instavator\Instavator.csproj", "{D3E2A1B0-9C8D-4E7F-6A5B-1C0D9E8F7A6B}"
EndProject
Project("{FAE04EC0-301F-11D3-BF4B-00C04F79EFBC}") = "RecipeBrowser", "..\Mods\RecipeBrowser\RecipeBrowser\RecipeBrowser.csproj", "{B2C3D4E5-6F7A-8B9C-0D1E-2F3A4B5C6D7E}"
EndProject
Project("{FAE04EC0-301F-11D3-BF4B-00C04F79EFBC}") = "FishingMachine", "..\Mods\FishingMachine\FishingMachine\FishingMachine.csproj", "{B1C2D3E4-F5A6-4B7C-8D9E-0F1A2B3C4D5E}"
EndProject
Project("{FAE04EC0-301F-11D3-BF4B-00C04F79EFBC}") = "MapAtlasTool", "..\Mods\MapAtlasTool\MapAtlasTool\MapAtlasTool\MapAtlasTool.csproj", "{0957943E-47A8-4049-A05A-8CBFF989E0E9}"
EndProject
Project("{FAE04EC0-301F-11D3-BF4B-00C04F79EFBC}") = "TerrariaHooks", "TerrariaHooks\TerrariaHooks.csproj", "{A1B2C3D4-E5F6-47A8-9B0C-1D2E3F4A5B6C}"
EndProject
Project("{FAE04EC0-301F-11D3-BF4B-00C04F79EFBC}") = "PotionSlots", "..\Mods\PotionSlots\PotionSlots\PotionSlots.csproj", "{B8A7C6D5-E4F3-42A1-80B9-7C6D5E4F3A2B}"
EndProject
Project("{FAE04EC0-301F-11D3-BF4B-00C04F79EFBC}") = "TPML.HookGen", "TPML.HookGen\TPML.HookGen.csproj", "{C5D6E7F8-1234-4567-89AB-CDEF01234567}"
EndProject
Global
	GlobalSection(SolutionConfigurationPlatforms) = preSolution
		Debug|Any CPU = Debug|Any CPU
		Debug|x64 = Debug|x64
		Debug|x86 = Debug|x86
		Release|Any CPU = Release|Any CPU
		Release|x64 = Release|x64
		Release|x86 = Release|x86
	EndGlobalSection
	GlobalSection(ProjectConfigurationPlatforms) = postSolution
		{45AB3FB8-F6C8-46E2-8FAF-C07353AE018C}.Debug|Any CPU.ActiveCfg = Debug|Any CPU
		{45AB3FB8-F6C8-46E2-8FAF-C07353AE018C}.Debug|Any CPU.Build.0 = Debug|Any CPU
		{45AB3FB8-F6C8-46E2-8FAF-C07353AE018C}.Debug|x64.ActiveCfg = Debug|Any CPU
		{45AB3FB8-F6C8-46E2-8FAF-C07353AE018C}.Debug|x64.Build.0 = Debug|Any CPU
		{45AB3FB8-F6C8-46E2-8FAF-C07353AE018C}.Debug|x86.ActiveCfg = Debug|Any CPU
		{45AB3FB8-F6C8-46E2-8FAF-C07353AE018C}.Debug|x86.Build.0 = Debug|Any CPU
		{45AB3FB8-F6C8-46E2-8FAF-C07353AE018C}.Release|Any CPU.ActiveCfg = Release|Any CPU
		{45AB3FB8-F6C8-46E2-8FAF-C07353AE018C}.Release|Any CPU.Build.0 = Release|Any CPU
		{45AB3FB8-F6C8-46E2-8FAF-C07353AE018C}.Release|x64.ActiveCfg = Release|Any CPU
		{45AB3FB8-F6C8-46E2-8FAF-C07353AE018C}.Release|x64.Build.0 = Release|Any CPU
		{45AB3FB8-F6C8-46E2-8FAF-C07353AE018C}.Release|x86.ActiveCfg = Release|Any CPU
		{45AB3FB8-F6C8-46E2-8FAF-C07353AE018C}.Release|x86.Build.0 = Release|Any CPU
		{A7BAD17D-ECAC-4F51-BA57-AD78B9BC02BF}.Debug|Any CPU.ActiveCfg = Debug|Any CPU
		{A7BAD17D-ECAC-4F51-BA57-AD78B9BC02BF}.Debug|Any CPU.Build.0 = Debug|Any CPU
		{A7BAD17D-ECAC-4F51-BA57-AD78B9BC02BF}.Debug|x64.ActiveCfg = Debug|Any CPU
		{A7BAD17D-ECAC-4F51-BA57-AD78B9BC02BF}.Debug|x64.Build.0 = Debug|Any CPU
		{A7BAD17D-ECAC-4F51-BA57-AD78B9BC02BF}.Debug|x86.ActiveCfg = Debug|Any CPU
		{A7BAD17D-ECAC-4F51-BA57-AD78B9BC02BF}.Debug|x86.Build.0 = Debug|Any CPU
		{A7BAD17D-ECAC-4F51-BA57-AD78B9BC02BF}.Release|Any CPU.ActiveCfg = Release|Any CPU
		{A7BAD17D-ECAC-4F51-BA57-AD78B9BC02BF}.Release|Any CPU.Build.0 = Release|Any CPU
		{A7BAD17D-ECAC-4F51-BA57-AD78B9BC02BF}.Release|x64.ActiveCfg = Release|Any CPU
		{A7BAD17D-ECAC-4F51-BA57-AD78B9BC02BF}.Release|x64.Build.0 = Release|Any CPU
		{A7BAD17D-ECAC-4F51-BA57-AD78B9BC02BF}.Release|x86.ActiveCfg = Release|Any CPU
		{A7BAD17D-ECAC-4F51-BA57-AD78B9BC02BF}.Release|x86.Build.0 = Release|Any CPU
		{9E1A3C4D-5B6E-7F8A-9B0C-1D2E3F4A5B6C}.Debug|Any CPU.ActiveCfg = Debug|Any CPU
		{9E1A3C4D-5B6E-7F8A-9B0C-1D2E3F4A5B6C}.Debug|Any CPU.Build.0 = Debug|Any CPU
		{9E1A3C4D-5B6E-7F8A-9B0C-1D2E3F4A5B6C}.Debug|x64.ActiveCfg = Debug|Any CPU
		{9E1A3C4D-5B6E-7F8A-9B0C-1D2E3F4A5B6C}.Debug|x64.Build.0 = Debug|Any CPU
		{9E1A3C4D-5B6E-7F8A-9B0C-1D2E3F4A5B6C}.Debug|x86.ActiveCfg = Debug|Any CPU
		{9E1A3C4D-5B6E-7F8A-9B0C-1D2E3F4A5B6C}.Debug|x86.Build.0 = Debug|Any CPU
		{9E1A3C4D-5B6E-7F8A-9B0C-1D2E3F4A5B6C}.Release|Any CPU.ActiveCfg = Release|Any CPU
		{9E1A3C4D-5B6E-7F8A-9B0C-1D2E3F4A5B6C}.Release|Any CPU.Build.0 = Release|Any CPU
		{9E1A3C4D-5B6E-7F8A-9B0C-1D2E3F4A5B6C}.Release|x64.ActiveCfg = Release|Any CPU
		{9E1A3C4D-5B6E-7F8A-9B0C-1D2E3F4A5B6C}.Release|x64.Build.0 = Release|Any CPU
		{9E1A3C4D-5B6E-7F8A-9B0C-1D2E3F4A5B6C}.Release|x86.ActiveCfg = Release|Any CPU
		{9E1A3C4D-5B6E-7F8A-9B0C-1D2E3F4A5B6C}.Release|x86.Build.0 = Release|Any CPU
		{6F6E4D2C-1B0A-49D8-8D7C-6E5F4A3B2C1D}.Debug|Any CPU.ActiveCfg = Debug|Any CPU
		{6F6E4D2C-1B0A-49D8-8D7C-6E5F4A3B2C1D}.Debug|Any CPU.Build.0 = Debug|Any CPU
		{6F6E4D2C-1B0A-49D8-8D7C-6E5F4A3B2C1D}.Debug|x64.ActiveCfg = Debug|Any CPU
		{6F6E4D2C-1B0A-49D8-8D7C-6E5F4A3B2C1D}.Debug|x64.Build.0 = Debug|Any CPU
		{6F6E4D2C-1B0A-49D8-8D7C-6E5F4A3B2C1D}.Debug|x86.ActiveCfg = Debug|Any CPU
		{6F6E4D2C-1B0A-49D8-8D7C-6E5F4A3B2C1D}.Debug|x86.Build.0 = Debug|Any CPU
		{6F6E4D2C-1B0A-49D8-8D7C-6E5F4A3B2C1D}.Release|Any CPU.ActiveCfg = Release|Any CPU
		{6F6E4D2C-1B0A-49D8-8D7C-6E5F4A3B2C1D}.Release|Any CPU.Build.0 = Release|Any CPU
		{6F6E4D2C-1B0A-49D8-8D7C-6E5F4A3B2C1D}.Release|x64.ActiveCfg = Release|Any CPU
		{6F6E4D2C-1B0A-49D8-8D7C-6E5F4A3B2C1D}.Release|x64.Build.0 = Release|Any CPU
		{6F6E4D2C-1B0A-49D8-8D7C-6E5F4A3B2C1D}.Release|x86.ActiveCfg = Release|Any CPU
		{6F6E4D2C-1B0A-49D8-8D7C-6E5F4A3B2C1D}.Release|x86.Build.0 = Release|Any CPU
		{28032285-BA86-4A99-88C3-82A8483DC05C}.Debug|Any CPU.ActiveCfg = Debug|Any CPU
		{28032285-BA86-4A99-88C3-82A8483DC05C}.Debug|Any CPU.Build.0 = Debug|Any CPU
		{28032285-BA86-4A99-88C3-82A8483DC05C}.Debug|x64.ActiveCfg = Debug|Any CPU
		{28032285-BA86-4A99-88C3-82A8483DC05C}.Debug|x64.Build.0 = Debug|Any CPU
		{28032285-BA86-4A99-88C3-82A8483DC05C}.Debug|x86.ActiveCfg = Debug|Any CPU
		{28032285-BA86-4A99-88C3-82A8483DC05C}.Debug|x86.Build.0 = Debug|Any CPU
		{28032285-BA86-4A99-88C3-82A8483DC05C}.Release|Any CPU.ActiveCfg = Release|Any CPU
		{28032285-BA86-4A99-88C3-82A8483DC05C}.Release|Any CPU.Build.0 = Release|Any CPU
		{28032285-BA86-4A99-88C3-82A8483DC05C}.Release|x64.ActiveCfg = Release|Any CPU
		{28032285-BA86-4A99-88C3-82A8483DC05C}.Release|x64.Build.0 = Release|Any CPU
		{28032285-BA86-4A99-88C3-82A8483DC05C}.Release|x86.ActiveCfg = Release|Any CPU
		{28032285-BA86-4A99-88C3-82A8483DC05C}.Release|x86.Build.0 = Release|Any CPU
		{0B6AC808-3A51-4072-954F-D55DE4F0209B}.Debug|Any CPU.ActiveCfg = Debug|Any CPU
		{0B6AC808-3A51-4072-954F-D55DE4F0209B}.Debug|Any CPU.Build.0 = Debug|Any CPU
		{0B6AC808-3A51-4072-954F-D55DE4F0209B}.Debug|x64.ActiveCfg = Debug|Any CPU
		{0B6AC808-3A51-4072-954F-D55DE4F0209B}.Debug|x64.Build.0 = Debug|Any CPU
		{0B6AC808-3A51-4072-954F-D55DE4F0209B}.Debug|x86.ActiveCfg = Debug|Any CPU
		{0B6AC808-3A51-4072-954F-D55DE4F0209B}.Debug|x86.Build.0 = Debug|Any CPU
		{0B6AC808-3A51-4072-954F-D55DE4F0209B}.Release|Any CPU.ActiveCfg = Release|Any CPU
		{0B6AC808-3A51-4072-954F-D55DE4F0209B}.Release|Any CPU.Build.0 = Release|Any CPU
		{0B6AC808-3A51-4072-954F-D55DE4F0209B}.Release|x64.ActiveCfg = Release|Any CPU
		{0B6AC808-3A51-4072-954F-D55DE4F0209B}.Release|x64.Build.0 = Release|Any CPU
		{0B6AC808-3A51-4072-954F-D55DE4F0209B}.Release|x86.ActiveCfg = Release|Any CPU
		{0B6AC808-3A51-4072-954F-D55DE4F0209B}.Release|x86.Build.0 = Release|Any CPU
		{F00447E9-BA2A-41FB-AE78-933BFED21611}.Debug|Any CPU.ActiveCfg = Debug|Any CPU
		{F00447E9-BA2A-41FB-AE78-933BFED21611}.Debug|Any CPU.Build.0 = Debug|Any CPU
		{F00447E9-BA2A-41FB-AE78-933BFED21611}.Debug|x64.ActiveCfg = Debug|Any CPU
		{F00447E9-BA2A-41FB-AE78-933BFED21611}.Debug|x64.Build.0 = Debug|Any CPU
		{F00447E9-BA2A-41FB-AE78-933BFED21611}.Debug|x86.ActiveCfg = Debug|Any CPU
		{F00447E9-BA2A-41FB-AE78-933BFED21611}.Debug|x86.Build.0 = Debug|Any CPU
		{F00447E9-BA2A-41FB-AE78-933BFED21611}.Release|Any CPU.ActiveCfg = Release|Any CPU
		{F00447E9-BA2A-41FB-AE78-933BFED21611}.Release|Any CPU.Build.0 = Release|Any CPU
		{F00447E9-BA2A-41FB-AE78-933BFED21611}.Release|x64.ActiveCfg = Release|Any CPU
		{F00447E9-BA2A-41FB-AE78-933BFED21611}.Release|x64.Build.0 = Release|Any CPU
		{F00447E9-BA2A-41FB-AE78-933BFED21611}.Release|x86.ActiveCfg = Release|Any CPU
		{F00447E9-BA2A-41FB-AE78-933BFED21611}.Release|x86.Build.0 = Release|Any CPU
		{0222CAFC-DB2C-4BA4-B527-3EB4197303E4}.Debug|Any CPU.ActiveCfg = Debug|Any CPU
		{0222CAFC-DB2C-4BA4-B527-3EB4197303E4}.Debug|Any CPU.Build.0 = Debug|Any CPU
		{0222CAFC-DB2C-4BA4-B527-3EB4197303E4}.Debug|x64.ActiveCfg = Debug|Any CPU
		{0222CAFC-DB2C-4BA4-B527-3EB4197303E4}.Debug|x64.Build.0 = Debug|Any CPU
		{0222CAFC-DB2C-4BA4-B527-3EB4197303E4}.Debug|x86.ActiveCfg = Debug|Any CPU
		{0222CAFC-DB2C-4BA4-B527-3EB4197303E4}.Debug|x86.Build.0 = Debug|Any CPU
		{0222CAFC-DB2C-4BA4-B527-3EB4197303E4}.Release|Any CPU.ActiveCfg = Release|Any CPU
		{0222CAFC-DB2C-4BA4-B527-3EB4197303E4}.Release|Any CPU.Build.0 = Release|Any CPU
		{0222CAFC-DB2C-4BA4-B527-3EB4197303E4}.Release|x64.ActiveCfg = Release|Any CPU
		{0222CAFC-DB2C-4BA4-B527-3EB4197303E4}.Release|x64.Build.0 = Release|Any CPU
		{0222CAFC-DB2C-4BA4-B527-3EB4197303E4}.Release|x86.ActiveCfg = Release|Any CPU
		{0222CAFC-DB2C-4BA4-B527-3EB4197303E4}.Release|x86.Build.0 = Release|Any CPU
		{B0B47F89-A282-41CF-B495-FE3780C2618A}.Debug|Any CPU.ActiveCfg = Debug|Any CPU
		{B0B47F89-A282-41CF-B495-FE3780C2618A}.Debug|Any CPU.Build.0 = Debug|Any CPU
		{B0B47F89-A282-41CF-B495-FE3780C2618A}.Debug|x64.ActiveCfg = Debug|Any CPU
		{B0B47F89-A282-41CF-B495-FE3780C2618A}.Debug|x64.Build.0 = Debug|Any CPU
		{B0B47F89-A282-41CF-B495-FE3780C2618A}.Debug|x86.ActiveCfg = Debug|Any CPU
		{B0B47F89-A282-41CF-B495-FE3780C2618A}.Debug|x86.Build.0 = Debug|Any CPU
		{B0B47F89-A282-41CF-B495-FE3780C2618A}.Release|Any CPU.ActiveCfg = Release|Any CPU
		{B0B47F89-A282-41CF-B495-FE3780C2618A}.Release|Any CPU.Build.0 = Release|Any CPU
		{B0B47F89-A282-41CF-B495-FE3780C2618A}.Release|x64.ActiveCfg = Release|Any CPU
		{B0B47F89-A282-41CF-B495-FE3780C2618A}.Release|x64.Build.0 = Release|Any CPU
		{B0B47F89-A282-41CF-B495-FE3780C2618A}.Release|x86.ActiveCfg = Release|Any CPU
		{B0B47F89-A282-41CF-B495-FE3780C2618A}.Release|x86.Build.0 = Release|Any CPU
		{F928DF69-9069-42BA-B344-DE6D2C9797A6}.Debug|Any CPU.ActiveCfg = Debug|Any CPU
		{F928DF69-9069-42BA-B344-DE6D2C9797A6}.Debug|Any CPU.Build.0 = Debug|Any CPU
		{F928DF69-9069-42BA-B344-DE6D2C9797A6}.Debug|x64.ActiveCfg = Debug|Any CPU
		{F928DF69-9069-42BA-B344-DE6D2C9797A6}.Debug|x64.Build.0 = Debug|Any CPU
		{F928DF69-9069-42BA-B344-DE6D2C9797A6}.Debug|x86.ActiveCfg = Debug|Any CPU
		{F928DF69-9069-42BA-B344-DE6D2C9797A6}.Debug|x86.Build.0 = Debug|Any CPU
		{F928DF69-9069-42BA-B344-DE6D2C9797A6}.Release|Any CPU.ActiveCfg = Release|Any CPU
		{F928DF69-9069-42BA-B344-DE6D2C9797A6}.Release|Any CPU.Build.0 = Release|Any CPU
		{F928DF69-9069-42BA-B344-DE6D2C9797A6}.Release|x64.ActiveCfg = Release|Any CPU
		{F928DF69-9069-42BA-B344-DE6D2C9797A6}.Release|x64.Build.0 = Release|Any CPU
		{F928DF69-9069-42BA-B344-DE6D2C9797A6}.Release|x86.ActiveCfg = Release|Any CPU
		{F928DF69-9069-42BA-B344-DE6D2C9797A6}.Release|x86.Build.0 = Release|Any CPU
		{6852A9D1-BD82-46A0-8F98-CEECF0360875}.Debug|Any CPU.ActiveCfg = Debug|Any CPU
		{6852A9D1-BD82-46A0-8F98-CEECF0360875}.Debug|Any CPU.Build.0 = Debug|Any CPU
		{6852A9D1-BD82-46A0-8F98-CEECF0360875}.Debug|x64.ActiveCfg = Debug|Any CPU
		{6852A9D1-BD82-46A0-8F98-CEECF0360875}.Debug|x64.Build.0 = Debug|Any CPU
		{6852A9D1-BD82-46A0-8F98-CEECF0360875}.Debug|x86.ActiveCfg = Debug|Any CPU
		{6852A9D1-BD82-46A0-8F98-CEECF0360875}.Debug|x86.Build.0 = Debug|Any CPU
		{6852A9D1-BD82-46A0-8F98-CEECF0360875}.Release|Any CPU.ActiveCfg = Release|Any CPU
		{6852A9D1-BD82-46A0-8F98-CEECF0360875}.Release|Any CPU.Build.0 = Release|Any CPU
		{6852A9D1-BD82-46A0-8F98-CEECF0360875}.Release|x64.ActiveCfg = Release|Any CPU
		{6852A9D1-BD82-46A0-8F98-CEECF0360875}.Release|x64.Build.0 = Release|Any CPU
		{6852A9D1-BD82-46A0-8F98-CEECF0360875}.Release|x86.ActiveCfg = Release|Any CPU
		{6852A9D1-BD82-46A0-8F98-CEECF0360875}.Release|x86.Build.0 = Release|Any CPU
		{5CE623EC-BDD6-4A59-ACFE-1D9FF2E369FE}.Debug|Any CPU.ActiveCfg = Debug|Any CPU
		{5CE623EC-BDD6-4A59-ACFE-1D9FF2E369FE}.Debug|Any CPU.Build.0 = Debug|Any CPU
		{5CE623EC-BDD6-4A59-ACFE-1D9FF2E369FE}.Debug|x64.ActiveCfg = Debug|Any CPU
		{5CE623EC-BDD6-4A59-ACFE-1D9FF2E369FE}.Debug|x64.Build.0 = Debug|Any CPU
		{5CE623EC-BDD6-4A59-ACFE-1D9FF2E369FE}.Debug|x86.ActiveCfg = Debug|Any CPU
		{5CE623EC-BDD6-4A59-ACFE-1D9FF2E369FE}.Debug|x86.Build.0 = Debug|Any CPU
		{5CE623EC-BDD6-4A59-ACFE-1D9FF2E369FE}.Release|Any CPU.ActiveCfg = Release|Any CPU
		{5CE623EC-BDD6-4A59-ACFE-1D9FF2E369FE}.Release|Any CPU.Build.0 = Release|Any CPU
		{5CE623EC-BDD6-4A59-ACFE-1D9FF2E369FE}.Release|x64.ActiveCfg = Release|Any CPU
		{5CE623EC-BDD6-4A59-ACFE-1D9FF2E369FE}.Release|x64.Build.0 = Release|Any CPU
		{5CE623EC-BDD6-4A59-ACFE-1D9FF2E369FE}.Release|x86.ActiveCfg = Release|Any CPU
		{5CE623EC-BDD6-4A59-ACFE-1D9FF2E369FE}.Release|x86.Build.0 = Release|Any CPU
		{3771B7AC-ED1A-4C2E-88F4-CE5921867160}.Debug|Any CPU.ActiveCfg = Debug|Any CPU
		{3771B7AC-ED1A-4C2E-88F4-CE5921867160}.Debug|Any CPU.Build.0 = Debug|Any CPU
		{3771B7AC-ED1A-4C2E-88F4-CE5921867160}.Debug|x64.ActiveCfg = Debug|Any CPU
		{3771B7AC-ED1A-4C2E-88F4-CE5921867160}.Debug|x64.Build.0 = Debug|Any CPU
		{3771B7AC-ED1A-4C2E-88F4-CE5921867160}.Debug|x86.ActiveCfg = Debug|Any CPU
		{3771B7AC-ED1A-4C2E-88F4-CE5921867160}.Debug|x86.Build.0 = Debug|Any CPU
		{3771B7AC-ED1A-4C2E-88F4-CE5921867160}.Release|Any CPU.ActiveCfg = Release|Any CPU
		{3771B7AC-ED1A-4C2E-88F4-CE5921867160}.Release|Any CPU.Build.0 = Release|Any CPU
		{3771B7AC-ED1A-4C2E-88F4-CE5921867160}.Release|x64.ActiveCfg = Release|Any CPU
		{3771B7AC-ED1A-4C2E-88F4-CE5921867160}.Release|x64.Build.0 = Release|Any CPU
		{3771B7AC-ED1A-4C2E-88F4-CE5921867160}.Release|x86.ActiveCfg = Release|Any CPU
		{3771B7AC-ED1A-4C2E-88F4-CE5921867160}.Release|x86.Build.0 = Release|Any CPU
		{1E23795A-8758-45DE-B962-B799C09CC923}.Debug|Any CPU.ActiveCfg = Debug|Any CPU
		{1E23795A-8758-45DE-B962-B799C09CC923}.Debug|Any CPU.Build.0 = Debug|Any CPU
		{1E23795A-8758-45DE-B962-B799C09CC923}.Debug|x64.ActiveCfg = Debug|Any CPU
		{1E23795A-8758-45DE-B962-B799C09CC923}.Debug|x64.Build.0 = Debug|Any CPU
		{1E23795A-8758-45DE-B962-B799C09CC923}.Debug|x86.ActiveCfg = Debug|Any CPU
		{1E23795A-8758-45DE-B962-B799C09CC923}.Debug|x86.Build.0 = Debug|Any CPU
		{1E23795A-8758-45DE-B962-B799C09CC923}.Release|Any CPU.ActiveCfg = Release|Any CPU
		{1E23795A-8758-45DE-B962-B799C09CC923}.Release|Any CPU.Build.0 = Release|Any CPU
		{1E23795A-8758-45DE-B962-B799C09CC923}.Release|x64.ActiveCfg = Release|Any CPU
		{1E23795A-8758-45DE-B962-B799C09CC923}.Release|x64.Build.0 = Release|Any CPU
		{1E23795A-8758-45DE-B962-B799C09CC923}.Release|x86.ActiveCfg = Release|Any CPU
		{1E23795A-8758-45DE-B962-B799C09CC923}.Release|x86.Build.0 = Release|Any CPU
		{9EDB6614-8022-472D-956C-64C4EAA482BA}.Debug|Any CPU.ActiveCfg = Debug|Any CPU
		{9EDB6614-8022-472D-956C-64C4EAA482BA}.Debug|Any CPU.Build.0 = Debug|Any CPU
		{9EDB6614-8022-472D-956C-64C4EAA482BA}.Debug|x64.ActiveCfg = Debug|Any CPU
		{9EDB6614-8022-472D-956C-64C4EAA482BA}.Debug|x64.Build.0 = Debug|Any CPU
		{9EDB6614-8022-472D-956C-64C4EAA482BA}.Debug|x86.ActiveCfg = Debug|Any CPU
		{9EDB6614-8022-472D-956C-64C4EAA482BA}.Debug|x86.Build.0 = Debug|Any CPU
		{9EDB6614-8022-472D-956C-64C4EAA482BA}.Release|Any CPU.ActiveCfg = Release|Any CPU
		{9EDB6614-8022-472D-956C-64C4EAA482BA}.Release|Any CPU.Build.0 = Release|Any CPU
		{9EDB6614-8022-472D-956C-64C4EAA482BA}.Release|x64.ActiveCfg = Release|Any CPU
		{9EDB6614-8022-472D-956C-64C4EAA482BA}.Release|x64.Build.0 = Release|Any CPU
		{9EDB6614-8022-472D-956C-64C4EAA482BA}.Release|x86.ActiveCfg = Release|Any CPU
		{9EDB6614-8022-472D-956C-64C4EAA482BA}.Release|x86.Build.0 = Release|Any CPU
		{E8E81B66-2513-464C-BB08-B6D6F900480B}.Debug|Any CPU.ActiveCfg = Debug|Any CPU
		{E8E81B66-2513-464C-BB08-B6D6F900480B}.Debug|Any CPU.Build.0 = Debug|Any CPU
		{E8E81B66-2513-464C-BB08-B6D6F900480B}.Debug|x64.ActiveCfg = Debug|Any CPU
		{E8E81B66-2513-464C-BB08-B6D6F900480B}.Debug|x64.Build.0 = Debug|Any CPU
		{E8E81B66-2513-464C-BB08-B6D6F900480B}.Debug|x86.ActiveCfg = Debug|Any CPU
		{E8E81B66-2513-464C-BB08-B6D6F900480B}.Debug|x86.Build.0 = Debug|Any CPU
		{E8E81B66-2513-464C-BB08-B6D6F900480B}.Release|Any CPU.ActiveCfg = Release|Any CPU
		{E8E81B66-2513-464C-BB08-B6D6F900480B}.Release|Any CPU.Build.0 = Release|Any CPU
		{E8E81B66-2513-464C-BB08-B6D6F900480B}.Release|x64.ActiveCfg = Release|Any CPU
		{E8E81B66-2513-464C-BB08-B6D6F900480B}.Release|x64.Build.0 = Release|Any CPU
		{E8E81B66-2513-464C-BB08-B6D6F900480B}.Release|x86.ActiveCfg = Release|Any CPU
		{E8E81B66-2513-464C-BB08-B6D6F900480B}.Release|x86.Build.0 = Release|Any CPU
		{A8F1C3E2-9B7D-4C6A-8E1F-2D3C4B5A6E7F}.Debug|Any CPU.ActiveCfg = Debug|Any CPU
		{A8F1C3E2-9B7D-4C6A-8E1F-2D3C4B5A6E7F}.Debug|Any CPU.Build.0 = Debug|Any CPU
		{A8F1C3E2-9B7D-4C6A-8E1F-2D3C4B5A6E7F}.Debug|x64.ActiveCfg = Debug|Any CPU
		{A8F1C3E2-9B7D-4C6A-8E1F-2D3C4B5A6E7F}.Debug|x64.Build.0 = Debug|Any CPU
		{A8F1C3E2-9B7D-4C6A-8E1F-2D3C4B5A6E7F}.Debug|x86.ActiveCfg = Debug|Any CPU
		{A8F1C3E2-9B7D-4C6A-8E1F-2D3C4B5A6E7F}.Debug|x86.Build.0 = Debug|Any CPU
		{A8F1C3E2-9B7D-4C6A-8E1F-2D3C4B5A6E7F}.Release|Any CPU.ActiveCfg = Release|Any CPU
		{A8F1C3E2-9B7D-4C6A-8E1F-2D3C4B5A6E7F}.Release|Any CPU.Build.0 = Release|Any CPU
		{A8F1C3E2-9B7D-4C6A-8E1F-2D3C4B5A6E7F}.Release|x64.ActiveCfg = Release|Any CPU
		{A8F1C3E2-9B7D-4C6A-8E1F-2D3C4B5A6E7F}.Release|x64.Build.0 = Release|Any CPU
		{A8F1C3E2-9B7D-4C6A-8E1F-2D3C4B5A6E7F}.Release|x86.ActiveCfg = Release|Any CPU
		{A8F1C3E2-9B7D-4C6A-8E1F-2D3C4B5A6E7F}.Release|x86.Build.0 = Release|Any CPU
		{D3E2A1B0-9C8D-4E7F-6A5B-1C0D9E8F7A6B}.Debug|Any CPU.ActiveCfg = Debug|Any CPU
		{D3E2A1B0-9C8D-4E7F-6A5B-1C0D9E8F7A6B}.Debug|Any CPU.Build.0 = Debug|Any CPU
		{D3E2A1B0-9C8D-4E7F-6A5B-1C0D9E8F7A6B}.Debug|x64.ActiveCfg = Debug|Any CPU
		{D3E2A1B0-9C8D-4E7F-6A5B-1C0D9E8F7A6B}.Debug|x64.Build.0 = Debug|Any CPU
		{D3E2A1B0-9C8D-4E7F-6A5B-1C0D9E8F7A6B}.Debug|x86.ActiveCfg = Debug|Any CPU
		{D3E2A1B0-9C8D-4E7F-6A5B-1C0D9E8F7A6B}.Debug|x86.Build.0 = Debug|Any CPU
		{D3E2A1B0-9C8D-4E7F-6A5B-1C0D9E8F7A6B}.Release|Any CPU.ActiveCfg = Release|Any CPU
		{D3E2A1B0-9C8D-4E7F-6A5B-1C0D9E8F7A6B}.Release|Any CPU.Build.0 = Release|Any CPU
		{D3E2A1B0-9C8D-4E7F-6A5B-1C0D9E8F7A6B}.Release|x64.ActiveCfg = Release|Any CPU
		{D3E2A1B0-9C8D-4E7F-6A5B-1C0D9E8F7A6B}.Release|x64.Build.0 = Release|Any CPU
		{D3E2A1B0-9C8D-4E7F-6A5B-1C0D9E8F7A6B}.Release|x86.ActiveCfg = Release|Any CPU
		{D3E2A1B0-9C8D-4E7F-6A5B-1C0D9E8F7A6B}.Release|x86.Build.0 = Release|Any CPU
		{B2C3D4E5-6F7A-8B9C-0D1E-2F3A4B5C6D7E}.Debug|Any CPU.ActiveCfg = Debug|Any CPU
		{B2C3D4E5-6F7A-8B9C-0D1E-2F3A4B5C6D7E}.Debug|Any CPU.Build.0 = Debug|Any CPU
		{B2C3D4E5-6F7A-8B9C-0D1E-2F3A4B5C6D7E}.Debug|x64.ActiveCfg = Debug|Any CPU
		{B2C3D4E5-6F7A-8B9C-0D1E-2F3A4B5C6D7E}.Debug|x64.Build.0 = Debug|Any CPU
		{B2C3D4E5-6F7A-8B9C-0D1E-2F3A4B5C6D7E}.Debug|x86.ActiveCfg = Debug|Any CPU
		{B2C3D4E5-6F7A-8B9C-0D1E-2F3A4B5C6D7E}.Debug|x86.Build.0 = Debug|Any CPU
		{B2C3D4E5-6F7A-8B9C-0D1E-2F3A4B5C6D7E}.Release|Any CPU.ActiveCfg = Release|Any CPU
		{B2C3D4E5-6F7A-8B9C-0D1E-2F3A4B5C6D7E}.Release|Any CPU.Build.0 = Release|Any CPU
		{B2C3D4E5-6F7A-8B9C-0D1E-2F3A4B5C6D7E}.Release|x64.ActiveCfg = Release|Any CPU
		{B2C3D4E5-6F7A-8B9C-0D1E-2F3A4B5C6D7E}.Release|x64.Build.0 = Release|Any CPU
		{B2C3D4E5-6F7A-8B9C-0D1E-2F3A4B5C6D7E}.Release|x86.ActiveCfg = Release|Any CPU
		{B2C3D4E5-6F7A-8B9C-0D1E-2F3A4B5C6D7E}.Release|x86.Build.0 = Release|Any CPU
		{B1C2D3E4-F5A6-4B7C-8D9E-0F1A2B3C4D5E}.Debug|Any CPU.ActiveCfg = Debug|Any CPU
		{B1C2D3E4-F5A6-4B7C-8D9E-0F1A2B3C4D5E}.Debug|Any CPU.Build.0 = Debug|Any CPU
		{B1C2D3E4-F5A6-4B7C-8D9E-0F1A2B3C4D5E}.Debug|x64.ActiveCfg = Debug|Any CPU
		{B1C2D3E4-F5A6-4B7C-8D9E-0F1A2B3C4D5E}.Debug|x64.Build.0 = Debug|Any CPU
		{B1C2D3E4-F5A6-4B7C-8D9E-0F1A2B3C4D5E}.Debug|x86.ActiveCfg = Debug|Any CPU
		{B1C2D3E4-F5A6-4B7C-8D9E-0F1A2B3C4D5E}.Debug|x86.Build.0 = Debug|Any CPU
		{B1C2D3E4-F5A6-4B7C-8D9E-0F1A2B3C4D5E}.Release|Any CPU.ActiveCfg = Release|Any CPU
		{B1C2D3E4-F5A6-4B7C-8D9E-0F1A2B3C4D5E}.Release|Any CPU.Build.0 = Release|Any CPU
		{B1C2D3E4-F5A6-4B7C-8D9E-0F1A2B3C4D5E}.Release|x64.ActiveCfg = Release|Any CPU
		{B1C2D3E4-F5A6-4B7C-8D9E-0F1A2B3C4D5E}.Release|x64.Build.0 = Release|Any CPU
		{B1C2D3E4-F5A6-4B7C-8D9E-0F1A2B3C4D5E}.Release|x86.ActiveCfg = Release|Any CPU
		{B1C2D3E4-F5A6-4B7C-8D9E-0F1A2B3C4D5E}.Release|x86.Build.0 = Release|Any CPU
		{0957943E-47A8-4049-A05A-8CBFF989E0E9}.Debug|Any CPU.ActiveCfg = Debug|Any CPU
		{0957943E-47A8-4049-A05A-8CBFF989E0E9}.Debug|Any CPU.Build.0 = Debug|Any CPU
		{0957943E-47A8-4049-A05A-8CBFF989E0E9}.Debug|x64.ActiveCfg = Debug|Any CPU
		{0957943E-47A8-4049-A05A-8CBFF989E0E9}.Debug|x64.Build.0 = Debug|Any CPU
		{0957943E-47A8-4049-A05A-8CBFF989E0E9}.Debug|x86.ActiveCfg = Debug|Any CPU
		{0957943E-47A8-4049-A05A-8CBFF989E0E9}.Debug|x86.Build.0 = Debug|Any CPU
		{0957943E-47A8-4049-A05A-8CBFF989E0E9}.Release|Any CPU.ActiveCfg = Release|Any CPU
		{0957943E-47A8-4049-A05A-8CBFF989E0E9}.Release|Any CPU.Build.0 = Release|Any CPU
		{0957943E-47A8-4049-A05A-8CBFF989E0E9}.Release|x64.ActiveCfg = Release|Any CPU
		{0957943E-47A8-4049-A05A-8CBFF989E0E9}.Release|x64.Build.0 = Release|Any CPU
		{0957943E-47A8-4049-A05A-8CBFF989E0E9}.Release|x86.ActiveCfg = Release|Any CPU
		{0957943E-47A8-4049-A05A-8CBFF989E0E9}.Release|x86.Build.0 = Release|Any CPU
		{A1B2C3D4-E5F6-47A8-9B0C-1D2E3F4A5B6C}.Debug|Any CPU.ActiveCfg = Debug|Any CPU
		{A1B2C3D4-E5F6-47A8-9B0C-1D2E3F4A5B6C}.Debug|Any CPU.Build.0 = Debug|Any CPU
		{A1B2C3D4-E5F6-47A8-9B0C-1D2E3F4A5B6C}.Debug|x64.ActiveCfg = Debug|Any CPU
		{A1B2C3D4-E5F6-47A8-9B0C-1D2E3F4A5B6C}.Debug|x64.Build.0 = Debug|Any CPU
		{A1B2C3D4-E5F6-47A8-9B0C-1D2E3F4A5B6C}.Debug|x86.ActiveCfg = Debug|Any CPU
		{A1B2C3D4-E5F6-47A8-9B0C-1D2E3F4A5B6C}.Debug|x86.Build.0 = Debug|Any CPU
		{A1B2C3D4-E5F6-47A8-9B0C-1D2E3F4A5B6C}.Release|Any CPU.ActiveCfg = Release|Any CPU
		{A1B2C3D4-E5F6-47A8-9B0C-1D2E3F4A5B6C}.Release|Any CPU.Build.0 = Release|Any CPU
		{A1B2C3D4-E5F6-47A8-9B0C-1D2E3F4A5B6C}.Release|x64.ActiveCfg = Release|Any CPU
		{A1B2C3D4-E5F6-47A8-9B0C-1D2E3F4A5B6C}.Release|x64.Build.0 = Release|Any CPU
		{A1B2C3D4-E5F6-47A8-9B0C-1D2E3F4A5B6C}.Release|x86.ActiveCfg = Release|Any CPU
		{A1B2C3D4-E5F6-47A8-9B0C-1D2E3F4A5B6C}.Release|x86.Build.0 = Release|Any CPU
		{B8A7C6D5-E4F3-42A1-80B9-7C6D5E4F3A2B}.Debug|Any CPU.ActiveCfg = Debug|Any CPU
		{B8A7C6D5-E4F3-42A1-80B9-7C6D5E4F3A2B}.Debug|Any CPU.Build.0 = Debug|Any CPU
		{B8A7C6D5-E4F3-42A1-80B9-7C6D5E4F3A2B}.Debug|x64.ActiveCfg = Debug|Any CPU
		{B8A7C6D5-E4F3-42A1-80B9-7C6D5E4F3A2B}.Debug|x64.Build.0 = Debug|Any CPU
		{B8A7C6D5-E4F3-42A1-80B9-7C6D5E4F3A2B}.Debug|x86.ActiveCfg = Debug|Any CPU
		{B8A7C6D5-E4F3-42A1-80B9-7C6D5E4F3A2B}.Debug|x86.Build.0 = Debug|Any CPU
		{B8A7C6D5-E4F3-42A1-80B9-7C6D5E4F3A2B}.Release|Any CPU.ActiveCfg = Release|Any CPU
		{B8A7C6D5-E4F3-42A1-80B9-7C6D5E4F3A2B}.Release|Any CPU.Build.0 = Release|Any CPU
		{B8A7C6D5-E4F3-42A1-80B9-7C6D5E4F3A2B}.Release|x64.ActiveCfg = Release|Any CPU
		{B8A7C6D5-E4F3-42A1-80B9-7C6D5E4F3A2B}.Release|x64.Build.0 = Release|Any CPU
		{B8A7C6D5-E4F3-42A1-80B9-7C6D5E4F3A2B}.Release|x86.ActiveCfg = Release|Any CPU
		{B8A7C6D5-E4F3-42A1-80B9-7C6D5E4F3A2B}.Release|x86.Build.0 = Release|Any CPU
	EndGlobalSection
	GlobalSection(SolutionProperties) = preSolution
		HideSolutionNode = FALSE
	EndGlobalSection
	GlobalSection(NestedProjects) = preSolution
		{0222CAFC-DB2C-4BA4-B527-3EB4197303E4} = {A8F3B9D1-3456-42E1-9876-1234567890AB}
		{B0B47F89-A282-41CF-B495-FE3780C2618A} = {A8F3B9D1-3456-42E1-9876-1234567890AB}
		{F928DF69-9069-42BA-B344-DE6D2C9797A6} = {A8F3B9D1-3456-42E1-9876-1234567890AB}
		{6852A9D1-BD82-46A0-8F98-CEECF0360875} = {A8F3B9D1-3456-42E1-9876-1234567890AB}
		{5CE623EC-BDD6-4A59-ACFE-1D9FF2E369FE} = {A8F3B9D1-3456-42E1-9876-1234567890AB}
		{3771B7AC-ED1A-4C2E-88F4-CE5921867160} = {A8F3B9D1-3456-42E1-9876-1234567890AB}
		{1E23795A-8758-45DE-B962-B799C09CC923} = {A8F3B9D1-3456-42E1-9876-1234567890AB}
		{9EDB6614-8022-472D-956C-64C4EAA482BA} = {A8F3B9D1-3456-42E1-9876-1234567890AB}
		{E8E81B66-2513-464C-BB08-B6D6F900480B} = {A8F3B9D1-3456-42E1-9876-1234567890AB}
		{A8F1C3E2-9B7D-4C6A-8E1F-2D3C4B5A6E7F} = {A8F3B9D1-3456-42E1-9876-1234567890AB}
		{D3E2A1B0-9C8D-4E7F-6A5B-1C0D9E8F7A6B} = {A8F3B9D1-3456-42E1-9876-1234567890AB}
		{B2C3D4E5-6F7A-8B9C-0D1E-2F3A4B5C6D7E} = {A8F3B9D1-3456-42E1-9876-1234567890AB}
		{0957943E-47A8-4049-A05A-8CBFF989E0E9} = {A8F3B9D1-3456-42E1-9876-1234567890AB}
	EndGlobalSection
	GlobalSection(ExtensibilityGlobals) = postSolution
		SolutionGuid = {0461D13B-9EBE-463D-B23A-869FE0BAD7C6}
	EndGlobalSection
EndGlobal
