
Microsoft Visual Studio Solution File, Format Version 12.00
# Visual Studio Version 18
VisualStudioVersion = 18.1.11312.151 d18.0
MinimumVisualStudioVersion = 10.0.40219.1
Project("{2150E333-8FDC-42A3-9474-1A3956D46DE8}") = "Mods", "Mods", "{A8F3B9D1-3456-42E1-9876-1234567890AB}"
EndProject
Project("{FAE04EC0-301F-11D3-BF4B-00C04F79EFBC}") = "tPlainModLoader", "tPlainModLoader\tPlainModLoader.csproj", "{45AB3FB8-F6C8-46E2-8FAF-C07353AE018C}"
EndProject
Project("{FAE04EC0-301F-11D3-BF4B-00C04F79EFBC}") = "tContentPatch", "tContentPatch\tContentPatch.csproj", "{A7BAD17D-ECAC-4F51-BA57-AD78B9BC02BF}"
EndProject
Project("{FAE04EC0-301F-11D3-BF4B-00C04F79EFBC}") = "CommandHelp", "CommandHelp\CommandHelp.csproj", "{28032285-BA86-4A99-88C3-82A8483DC05C}"
EndProject
Project("{FAE04EC0-301F-11D3-BF4B-00C04F79EFBC}") = "FastWin32", "FastWin32-master\FastWin32\FastWin32.csproj", "{0B6AC808-3A51-4072-954F-D55DE4F0209B}"
EndProject
Project("{FAE04EC0-301F-11D3-BF4B-00C04F79EFBC}") = "tPlainModLoaderInjector", "tPlainModLoaderInjector\tPlainModLoaderInjector.csproj", "{F00447E9-BA2A-41FB-AE78-933BFED21611}"
EndProject
Project("{FAE04EC0-301F-11D3-BF4B-00C04F79EFBC}") = "AccessoryBox", "..\Mods\AccessoryBox\AccessoryBox\AccessoryBox\AccessoryBox.csproj", "{3940870E-A084-46CD-B7ED-6260E58E78A6}"
EndProject
Project("{FAE04EC0-301F-11D3-BF4B-00C04F79EFBC}") = "ChatAi", "..\Mods\ChatAi\ChatAi\ChatAi\ChatAi.csproj", "{0222CAFC-DB2C-4BA4-B527-3EB4197303E4}"
EndProject
Project("{FAE04EC0-301F-11D3-BF4B-00C04F79EFBC}") = "CreativeInventory", "..\Mods\CreativeInventory\CreativeInventory\CreativeInventory\CreativeInventory.csproj", "{6C30CD98-F031-45E9-8A94-B31738D349AE}"
EndProject
Project("{FAE04EC0-301F-11D3-BF4B-00C04F79EFBC}") = "OptimizeAndTool", "..\Mods\OptimizeAndTool\OptimizeAndTool\OptimizeAndTool\OptimizeAndTool.csproj", "{B0B47F89-A282-41CF-B495-FE3780C2618A}"
EndProject
Project("{FAE04EC0-301F-11D3-BF4B-00C04F79EFBC}") = "PixelArt", "..\Mods\PixelArt\PixelArt\PixelArt\PixelArt.csproj", "{F928DF69-9069-42BA-B344-DE6D2C9797A6}"
EndProject
Project("{FAE04EC0-301F-11D3-BF4B-00C04F79EFBC}") = "QuickButton", "..\Mods\QuickButton\QuickButton\QuickButton\QuickButton.csproj", "{6852A9D1-BD82-46A0-8F98-CEECF0360875}"
EndProject
Project("{FAE04EC0-301F-11D3-BF4B-00C04F79EFBC}") = "QuickSetting", "..\Mods\QuickSetting\QuickSetting\QuickSetting\QuickSetting.csproj", "{5CE623EC-BDD6-4A59-ACFE-1D9FF2E369FE}"
EndProject
Project("{FAE04EC0-301F-11D3-BF4B-00C04F79EFBC}") = "Skil", "..\Mods\Skil\Skil\Skil\Skil.csproj", "{3771B7AC-ED1A-4C2E-88F4-CE5921867160}"
EndProject
Project("{FAE04EC0-301F-11D3-BF4B-00C04F79EFBC}") = "SundryTool", "..\Mods\SundryTool\SundryTool\SundryTool\SundryTool.csproj", "{F2E03BE7-AEF9-41CF-B428-CF687989AF2C}"
EndProject
Project("{FAE04EC0-301F-11D3-BF4B-00C04F79EFBC}") = "SuspiciousPlayer", "..\Mods\SuspiciousPlayer\SuspiciousPlayer\SuspiciousPlayer\SuspiciousPlayer.csproj", "{1E23795A-8758-45DE-B962-B799C09CC923}"
EndProject
Project("{FAE04EC0-301F-11D3-BF4B-00C04F79EFBC}") = "WandsTool", "..\Mods\WandsTool\WandsTool\WandsTool\WandsTool.csproj", "{9EDB6614-8022-472D-956C-64C4EAA482BA}"
EndProject
Project("{FAE04EC0-301F-11D3-BF4B-00C04F79EFBC}") = "BatchSapwn", "..\Mods\批量生成\批量生成\批量生成.csproj", "{E8E81B66-2513-464C-BB08-B6D6F900480B}"
EndProject
Project("{FAE04EC0-301F-11D3-BF4B-00C04F79EFBC}") = "ReduceMouseLag", "..\Mods\ReduceMouseLag\ReduceMouseLag\ReduceMouseLag\ReduceMouseLag.csproj", "{D87E14A2-9382-4BF1-B9A3-5F09CB8D76A1}"
EndProject
Project("{FAE04EC0-301F-11D3-BF4B-00C04F79EFBC}") = "VeinMining", "..\Mods\VeinMining\VeinMining.csproj", "{437CA602-0947-4936-ACF4-65CF0F1D8A29}"
EndProject
Project("{FAE04EC0-301F-11D3-BF4B-00C04F79EFBC}") = "PipetteTool", "..\Mods\PipetteTool\PipetteTool.csproj", "{8B342A91-4567-4632-B8E1-D1E9952E3C01}"
EndProject
Global
	GlobalSection(SolutionConfigurationPlatforms) = preSolution
		Debug|Any CPU = Debug|Any CPU
		Release|Any CPU = Release|Any CPU
	EndGlobalSection
	GlobalSection(ProjectConfigurationPlatforms) = postSolution
		{D87E14A2-9382-4BF1-B9A3-5F09CB8D76A1}.Debug|Any CPU.ActiveCfg = Debug|Any CPU
		{D87E14A2-9382-4BF1-B9A3-5F09CB8D76A1}.Debug|Any CPU.Build.0 = Debug|Any CPU
		{D87E14A2-9382-4BF1-B9A3-5F09CB8D76A1}.Release|Any CPU.ActiveCfg = Release|Any CPU
		{D87E14A2-9382-4BF1-B9A3-5F09CB8D76A1}.Release|Any CPU.Build.0 = Release|Any CPU
		{45AB3FB8-F6C8-46E2-8FAF-C07353AE018C}.Debug|Any CPU.ActiveCfg = Debug|Any CPU
		{45AB3FB8-F6C8-46E2-8FAF-C07353AE018C}.Debug|Any CPU.Build.0 = Debug|Any CPU
		{45AB3FB8-F6C8-46E2-8FAF-C07353AE018C}.Release|Any CPU.ActiveCfg = Release|Any CPU
		{45AB3FB8-F6C8-46E2-8FAF-C07353AE018C}.Release|Any CPU.Build.0 = Release|Any CPU
		{A7BAD17D-ECAC-4F51-BA57-AD78B9BC02BF}.Debug|Any CPU.ActiveCfg = Debug|Any CPU
		{A7BAD17D-ECAC-4F51-BA57-AD78B9BC02BF}.Debug|Any CPU.Build.0 = Debug|Any CPU
		{A7BAD17D-ECAC-4F51-BA57-AD78B9BC02BF}.Release|Any CPU.ActiveCfg = Release|Any CPU
		{A7BAD17D-ECAC-4F51-BA57-AD78B9BC02BF}.Release|Any CPU.Build.0 = Release|Any CPU
		{28032285-BA86-4A99-88C3-82A8483DC05C}.Debug|Any CPU.ActiveCfg = Debug|Any CPU
		{28032285-BA86-4A99-88C3-82A8483DC05C}.Debug|Any CPU.Build.0 = Debug|Any CPU
		{28032285-BA86-4A99-88C3-82A8483DC05C}.Release|Any CPU.ActiveCfg = Release|Any CPU
		{28032285-BA86-4A99-88C3-82A8483DC05C}.Release|Any CPU.Build.0 = Release|Any CPU
		{0B6AC808-3A51-4072-954F-D55DE4F0209B}.Debug|Any CPU.ActiveCfg = Debug|Any CPU
		{0B6AC808-3A51-4072-954F-D55DE4F0209B}.Debug|Any CPU.Build.0 = Debug|Any CPU
		{0B6AC808-3A51-4072-954F-D55DE4F0209B}.Release|Any CPU.ActiveCfg = Release|Any CPU
		{0B6AC808-3A51-4072-954F-D55DE4F0209B}.Release|Any CPU.Build.0 = Release|Any CPU
		{F00447E9-BA2A-41FB-AE78-933BFED21611}.Debug|Any CPU.ActiveCfg = Debug|Any CPU
		{F00447E9-BA2A-41FB-AE78-933BFED21611}.Debug|Any CPU.Build.0 = Debug|Any CPU
		{F00447E9-BA2A-41FB-AE78-933BFED21611}.Release|Any CPU.ActiveCfg = Release|Any CPU
		{F00447E9-BA2A-41FB-AE78-933BFED21611}.Release|Any CPU.Build.0 = Release|Any CPU
		{3940870E-A084-46CD-B7ED-6260E58E78A6}.Debug|Any CPU.ActiveCfg = Debug|Any CPU
		{3940870E-A084-46CD-B7ED-6260E58E78A6}.Debug|Any CPU.Build.0 = Debug|Any CPU
		{3940870E-A084-46CD-B7ED-6260E58E78A6}.Release|Any CPU.ActiveCfg = Release|Any CPU
		{3940870E-A084-46CD-B7ED-6260E58E78A6}.Release|Any CPU.Build.0 = Release|Any CPU
		{0222CAFC-DB2C-4BA4-B527-3EB4197303E4}.Debug|Any CPU.ActiveCfg = Debug|Any CPU
		{0222CAFC-DB2C-4BA4-B527-3EB4197303E4}.Debug|Any CPU.Build.0 = Debug|Any CPU
		{0222CAFC-DB2C-4BA4-B527-3EB4197303E4}.Release|Any CPU.ActiveCfg = Release|Any CPU
		{0222CAFC-DB2C-4BA4-B527-3EB4197303E4}.Release|Any CPU.Build.0 = Release|Any CPU
		{6C30CD98-F031-45E9-8A94-B31738D349AE}.Debug|Any CPU.ActiveCfg = Debug|Any CPU
		{6C30CD98-F031-45E9-8A94-B31738D349AE}.Debug|Any CPU.Build.0 = Debug|Any CPU
		{6C30CD98-F031-45E9-8A94-B31738D349AE}.Release|Any CPU.ActiveCfg = Release|Any CPU
		{6C30CD98-F031-45E9-8A94-B31738D349AE}.Release|Any CPU.Build.0 = Release|Any CPU
		{B0B47F89-A282-41CF-B495-FE3780C2618A}.Debug|Any CPU.ActiveCfg = Debug|Any CPU
		{B0B47F89-A282-41CF-B495-FE3780C2618A}.Debug|Any CPU.Build.0 = Debug|Any CPU
		{B0B47F89-A282-41CF-B495-FE3780C2618A}.Release|Any CPU.ActiveCfg = Release|Any CPU
		{B0B47F89-A282-41CF-B495-FE3780C2618A}.Release|Any CPU.Build.0 = Release|Any CPU
		{F928DF69-9069-42BA-B344-DE6D2C9797A6}.Debug|Any CPU.ActiveCfg = Debug|Any CPU
		{F928DF69-9069-42BA-B344-DE6D2C9797A6}.Debug|Any CPU.Build.0 = Debug|Any CPU
		{F928DF69-9069-42BA-B344-DE6D2C9797A6}.Release|Any CPU.ActiveCfg = Release|Any CPU
		{F928DF69-9069-42BA-B344-DE6D2C9797A6}.Release|Any CPU.Build.0 = Release|Any CPU
		{6852A9D1-BD82-46A0-8F98-CEECF0360875}.Debug|Any CPU.ActiveCfg = Debug|Any CPU
		{6852A9D1-BD82-46A0-8F98-CEECF0360875}.Debug|Any CPU.Build.0 = Debug|Any CPU
		{6852A9D1-BD82-46A0-8F98-CEECF0360875}.Release|Any CPU.ActiveCfg = Release|Any CPU
		{6852A9D1-BD82-46A0-8F98-CEECF0360875}.Release|Any CPU.Build.0 = Release|Any CPU
		{5CE623EC-BDD6-4A59-ACFE-1D9FF2E369FE}.Debug|Any CPU.ActiveCfg = Debug|Any CPU
		{5CE623EC-BDD6-4A59-ACFE-1D9FF2E369FE}.Debug|Any CPU.Build.0 = Debug|Any CPU
		{5CE623EC-BDD6-4A59-ACFE-1D9FF2E369FE}.Release|Any CPU.ActiveCfg = Release|Any CPU
		{5CE623EC-BDD6-4A59-ACFE-1D9FF2E369FE}.Release|Any CPU.Build.0 = Release|Any CPU
		{3771B7AC-ED1A-4C2E-88F4-CE5921867160}.Debug|Any CPU.ActiveCfg = Debug|Any CPU
		{3771B7AC-ED1A-4C2E-88F4-CE5921867160}.Debug|Any CPU.Build.0 = Debug|Any CPU
		{3771B7AC-ED1A-4C2E-88F4-CE5921867160}.Release|Any CPU.ActiveCfg = Release|Any CPU
		{3771B7AC-ED1A-4C2E-88F4-CE5921867160}.Release|Any CPU.Build.0 = Release|Any CPU
		{F2E03BE7-AEF9-41CF-B428-CF687989AF2C}.Debug|Any CPU.ActiveCfg = Debug|Any CPU
		{F2E03BE7-AEF9-41CF-B428-CF687989AF2C}.Debug|Any CPU.Build.0 = Debug|Any CPU
		{F2E03BE7-AEF9-41CF-B428-CF687989AF2C}.Release|Any CPU.ActiveCfg = Release|Any CPU
		{F2E03BE7-AEF9-41CF-B428-CF687989AF2C}.Release|Any CPU.Build.0 = Release|Any CPU
		{1E23795A-8758-45DE-B962-B799C09CC923}.Debug|Any CPU.ActiveCfg = Debug|Any CPU
		{1E23795A-8758-45DE-B962-B799C09CC923}.Debug|Any CPU.Build.0 = Debug|Any CPU
		{1E23795A-8758-45DE-B962-B799C09CC923}.Release|Any CPU.ActiveCfg = Release|Any CPU
		{1E23795A-8758-45DE-B962-B799C09CC923}.Release|Any CPU.Build.0 = Release|Any CPU
		{9EDB6614-8022-472D-956C-64C4EAA482BA}.Debug|Any CPU.ActiveCfg = Debug|Any CPU
		{9EDB6614-8022-472D-956C-64C4EAA482BA}.Debug|Any CPU.Build.0 = Debug|Any CPU
		{9EDB6614-8022-472D-956C-64C4EAA482BA}.Release|Any CPU.ActiveCfg = Release|Any CPU
		{9EDB6614-8022-472D-956C-64C4EAA482BA}.Release|Any CPU.Build.0 = Release|Any CPU
		{E8E81B66-2513-464C-BB08-B6D6F900480B}.Debug|Any CPU.ActiveCfg = Debug|Any CPU
		{E8E81B66-2513-464C-BB08-B6D6F900480B}.Debug|Any CPU.Build.0 = Debug|Any CPU
		{E8E81B66-2513-464C-BB08-B6D6F900480B}.Release|Any CPU.ActiveCfg = Release|Any CPU
		{E8E81B66-2513-464C-BB08-B6D6F900480B}.Release|Any CPU.Build.0 = Release|Any CPU
		{437CA602-0947-4936-ACF4-65CF0F1D8A29}.Debug|Any CPU.ActiveCfg = Debug|Any CPU
		{437CA602-0947-4936-ACF4-65CF0F1D8A29}.Debug|Any CPU.Build.0 = Debug|Any CPU
		{437CA602-0947-4936-ACF4-65CF0F1D8A29}.Release|Any CPU.ActiveCfg = Release|Any CPU
		{437CA602-0947-4936-ACF4-65CF0F1D8A29}.Release|Any CPU.Build.0 = Release|Any CPU
		{8B342A91-4567-4632-B8E1-D1E9952E3C01}.Debug|Any CPU.ActiveCfg = Debug|Any CPU
		{8B342A91-4567-4632-B8E1-D1E9952E3C01}.Debug|Any CPU.Build.0 = Debug|Any CPU
		{8B342A91-4567-4632-B8E1-D1E9952E3C01}.Release|Any CPU.ActiveCfg = Release|Any CPU
		{8B342A91-4567-4632-B8E1-D1E9952E3C01}.Release|Any CPU.Build.0 = Release|Any CPU
	EndGlobalSection
	GlobalSection(SolutionProperties) = preSolution
		HideSolutionNode = FALSE
	EndGlobalSection
	GlobalSection(NestedProjects) = preSolution
		{D87E14A2-9382-4BF1-B9A3-5F09CB8D76A1} = {A8F3B9D1-3456-42E1-9876-1234567890AB}
		{3940870E-A084-46CD-B7ED-6260E58E78A6} = {A8F3B9D1-3456-42E1-9876-1234567890AB}
		{0222CAFC-DB2C-4BA4-B527-3EB4197303E4} = {A8F3B9D1-3456-42E1-9876-1234567890AB}
		{6C30CD98-F031-45E9-8A94-B31738D349AE} = {A8F3B9D1-3456-42E1-9876-1234567890AB}
		{B0B47F89-A282-41CF-B495-FE3780C2618A} = {A8F3B9D1-3456-42E1-9876-1234567890AB}
		{F928DF69-9069-42BA-B344-DE6D2C9797A6} = {A8F3B9D1-3456-42E1-9876-1234567890AB}
		{6852A9D1-BD82-46A0-8F98-CEECF0360875} = {A8F3B9D1-3456-42E1-9876-1234567890AB}
		{5CE623EC-BDD6-4A59-ACFE-1D9FF2E369FE} = {A8F3B9D1-3456-42E1-9876-1234567890AB}
		{3771B7AC-ED1A-4C2E-88F4-CE5921867160} = {A8F3B9D1-3456-42E1-9876-1234567890AB}
		{F2E03BE7-AEF9-41CF-B428-CF687989AF2C} = {A8F3B9D1-3456-42E1-9876-1234567890AB}
		{1E23795A-8758-45DE-B962-B799C09CC923} = {A8F3B9D1-3456-42E1-9876-1234567890AB}
		{9EDB6614-8022-472D-956C-64C4EAA482BA} = {A8F3B9D1-3456-42E1-9876-1234567890AB}
		{E8E81B66-2513-464C-BB08-B6D6F900480B} = {A8F3B9D1-3456-42E1-9876-1234567890AB}
		{437CA602-0947-4936-ACF4-65CF0F1D8A29} = {A8F3B9D1-3456-42E1-9876-1234567890AB}
		{8B342A91-4567-4632-B8E1-D1E9952E3C01} = {A8F3B9D1-3456-42E1-9876-1234567890AB}
	EndGlobalSection
	GlobalSection(ExtensibilityGlobals) = postSolution
		SolutionGuid = {0461D13B-9EBE-463D-B23A-869FE0BAD7C6}
	EndGlobalSection
EndGlobal
