
Microsoft Visual Studio Solution File, Format Version 12.00
# Visual Studio Version 17
VisualStudioVersion = 17.14.36603.0 d17.14
MinimumVisualStudioVersion = 10.0.40219.1
Project("{FAE04EC0-301F-11D3-BF4B-00C04F79EFBC}") = "ChatAi", "ChatAi\ChatAi.csproj", "{EC4D850D-9BEA-4237-BE95-2451255FEFDE}"
EndProject
Global
	GlobalSection(SolutionConfigurationPlatforms) = preSolution
		Debug|Any CPU = Debug|Any CPU
		Release|Any CPU = Release|Any CPU
	EndGlobalSection
	GlobalSection(ProjectConfigurationPlatforms) = postSolution
		{EC4D850D-9BEA-4237-BE95-2451255FEFDE}.Debug|Any CPU.ActiveCfg = Debug|Any CPU
		{EC4D850D-9BEA-4237-BE95-2451255FEFDE}.Debug|Any CPU.Build.0 = Debug|Any CPU
		{EC4D850D-9BEA-4237-BE95-2451255FEFDE}.Release|Any CPU.ActiveCfg = Release|Any CPU
		{EC4D850D-9BEA-4237-BE95-2451255FEFDE}.Release|Any CPU.Build.0 = Release|Any CPU
	EndGlobalSection
	GlobalSection(SolutionProperties) = preSolution
		HideSolutionNode = FALSE
	EndGlobalSection
	GlobalSection(ExtensibilityGlobals) = postSolution
		SolutionGuid = {7D6CD217-AADB-4E1F-93C5-B27DD0F02A23}
	EndGlobalSection
EndGlobal
